// !$*UTF8*$!
{
	archiveVersion = 1;
	classes = {
	};
	objectVersion = 50;
	objects = {

/* Begin PBXBuildFile section */
		5C89895F20A1F58800645A32 /* ViewController_TableViewDataSource.swift in Sources */ = {isa = PBXBuildFile; fileRef = 5C89895E20A1F58800645A32 /* ViewController_TableViewDataSource.swift */; };
		5C89896120A1F65B00645A32 /* TableViewTags.swift in Sources */ = {isa = PBXBuildFile; fileRef = 5C89896020A1F65B00645A32 /* TableViewTags.swift */; };
		5C89896320A1F6EB00645A32 /* ViewController_TableViewDelegate.swift in Sources */ = {isa = PBXBuildFile; fileRef = 5C89896220A1F6EB00645A32 /* ViewController_TableViewDelegate.swift */; };
		5C89896620A2062700645A32 /* ViewController_ActionHandler.swift in Sources */ = {isa = PBXBuildFile; fileRef = 5C89896520A2062700645A32 /* ViewController_ActionHandler.swift */; };
		5C89896C20A24AFE00645A32 /* ColorTableCellView.swift in Sources */ = {isa = PBXBuildFile; fileRef = 5C89896B20A24AFE00645A32 /* ColorTableCellView.swift */; };
		5C89896E20A2D75200645A32 /* ViewController_Player.swift in Sources */ = {isa = PBXBuildFile; fileRef = 5C89896D20A2D75200645A32 /* ViewController_Player.swift */; };
		5CA467AA20A093710075680E /* AppDelegate.swift in Sources */ = {isa = PBXBuildFile; fileRef = 5CA467A920A093710075680E /* AppDelegate.swift */; };
		5CA467AC20A093710075680E /* ViewController.swift in Sources */ = {isa = PBXBuildFile; fileRef = 5CA467AB20A093710075680E /* ViewController.swift */; };
		5CA467AE20A093720075680E /* Assets.xcassets in Resources */ = {isa = PBXBuildFile; fileRef = 5CA467AD20A093720075680E /* Assets.xcassets */; };
		5CA467B120A093720075680E /* Main.storyboard in Resources */ = {isa = PBXBuildFile; fileRef = 5CA467AF20A093720075680E /* Main.storyboard */; };
		5CA467C020A09F010075680E /* MicroExpression.swift in Sources */ = {isa = PBXBuildFile; fileRef = 5CA467BF20A09F010075680E /* MicroExpression.swift */; };
		5CA467C420A0A2A20075680E /* MicroExpressionsSet.swift in Sources */ = {isa = PBXBuildFile; fileRef = 5CA467C320A0A2A20075680E /* MicroExpressionsSet.swift */; };
		5CA467C620A19B5D0075680E /* Video.swift in Sources */ = {isa = PBXBuildFile; fileRef = 5CA467C520A19B5D0075680E /* Video.swift */; };
		5CA467C820A19CBF0075680E /* DataSet.swift in Sources */ = {isa = PBXBuildFile; fileRef = 5CA467C720A19CBF0075680E /* DataSet.swift */; };
		5CA467CA20A19D230075680E /* Sample.swift in Sources */ = {isa = PBXBuildFile; fileRef = 5CA467C920A19D230075680E /* Sample.swift */; };
		5CA467CC20A1B0240075680E /* WindowController.swift in Sources */ = {isa = PBXBuildFile; fileRef = 5CA467CB20A1B0240075680E /* WindowController.swift */; };
/* End PBXBuildFile section */

/* Begin PBXFileReference section */
		5C89895E20A1F58800645A32 /* ViewController_TableViewDataSource.swift */ = {isa = PBXFileReference; lastKnownFileType = sourcecode.swift; path = ViewController_TableViewDataSource.swift; sourceTree = "<group>"; };
		5C89896020A1F65B00645A32 /* TableViewTags.swift */ = {isa = PBXFileReference; lastKnownFileType = sourcecode.swift; path = TableViewTags.swift; sourceTree = "<group>"; };
		5C89896220A1F6EB00645A32 /* ViewController_TableViewDelegate.swift */ = {isa = PBXFileReference; lastKnownFileType = sourcecode.swift; path = ViewController_TableViewDelegate.swift; sourceTree = "<group>"; };
		5C89896520A2062700645A32 /* ViewController_ActionHandler.swift */ = {isa = PBXFileReference; lastKnownFileType = sourcecode.swift; path = ViewController_ActionHandler.swift; sourceTree = "<group>"; };
		5C89896B20A24AFE00645A32 /* ColorTableCellView.swift */ = {isa = PBXFileReference; lastKnownFileType = sourcecode.swift; path = ColorTableCellView.swift; sourceTree = "<group>"; };
		5C89896D20A2D75200645A32 /* ViewController_Player.swift */ = {isa = PBXFileReference; lastKnownFileType = sourcecode.swift; path = ViewController_Player.swift; sourceTree = "<group>"; };
		5CA467A620A093710075680E /* LTM-interface.app */ = {isa = PBXFileReference; explicitFileType = wrapper.application; includeInIndex = 0; path = "LTM-interface.app"; sourceTree = BUILT_PRODUCTS_DIR; };
		5CA467A920A093710075680E /* AppDelegate.swift */ = {isa = PBXFileReference; lastKnownFileType = sourcecode.swift; path = AppDelegate.swift; sourceTree = "<group>"; };
		5CA467AB20A093710075680E /* ViewController.swift */ = {isa = PBXFileReference; lastKnownFileType = sourcecode.swift; path = ViewController.swift; sourceTree = "<group>"; };
		5CA467AD20A093720075680E /* Assets.xcassets */ = {isa = PBXFileReference; lastKnownFileType = folder.assetcatalog; path = Assets.xcassets; sourceTree = "<group>"; };
		5CA467B020A093720075680E /* Base */ = {isa = PBXFileReference; lastKnownFileType = file.storyboard; name = Base; path = Base.lproj/Main.storyboard; sourceTree = "<group>"; };
		5CA467B220A093720075680E /* Info.plist */ = {isa = PBXFileReference; lastKnownFileType = text.plist.xml; path = Info.plist; sourceTree = "<group>"; };
		5CA467B320A093720075680E /* LTM_interface.entitlements */ = {isa = PBXFileReference; lastKnownFileType = text.plist.entitlements; path = LTM_interface.entitlements; sourceTree = "<group>"; };
		5CA467BF20A09F010075680E /* MicroExpression.swift */ = {isa = PBXFileReference; lastKnownFileType = sourcecode.swift; path = MicroExpression.swift; sourceTree = "<group>"; };
		5CA467C320A0A2A20075680E /* MicroExpressionsSet.swift */ = {isa = PBXFileReference; lastKnownFileType = sourcecode.swift; path = MicroExpressionsSet.swift; sourceTree = "<group>"; };
		5CA467C520A19B5D0075680E /* Video.swift */ = {isa = PBXFileReference; lastKnownFileType = sourcecode.swift; path = Video.swift; sourceTree = "<group>"; };
		5CA467C720A19CBF0075680E /* DataSet.swift */ = {isa = PBXFileReference; lastKnownFileType = sourcecode.swift; path = DataSet.swift; sourceTree = "<group>"; };
		5CA467C920A19D230075680E /* Sample.swift */ = {isa = PBXFileReference; lastKnownFileType = sourcecode.swift; path = Sample.swift; sourceTree = "<group>"; };
		5CA467CB20A1B0240075680E /* WindowController.swift */ = {isa = PBXFileReference; lastKnownFileType = sourcecode.swift; path = WindowController.swift; sourceTree = "<group>"; };
/* End PBXFileReference section */

/* Begin PBXFrameworksBuildPhase section */
		5CA467A320A093710075680E /* Frameworks */ = {
			isa = PBXFrameworksBuildPhase;
			buildActionMask = 2147483647;
			files = (
			);
			runOnlyForDeploymentPostprocessing = 0;
		};
/* End PBXFrameworksBuildPhase section */

/* Begin PBXGroup section */
		5C89896420A1F7B300645A32 /* ViewController */ = {
			isa = PBXGroup;
			children = (
				5CA467AB20A093710075680E /* ViewController.swift */,
				5C89895E20A1F58800645A32 /* ViewController_TableViewDataSource.swift */,
				5C89896220A1F6EB00645A32 /* ViewController_TableViewDelegate.swift */,
				5C89896520A2062700645A32 /* ViewController_ActionHandler.swift */,
				5C89896D20A2D75200645A32 /* ViewController_Player.swift */,
				5C89896020A1F65B00645A32 /* TableViewTags.swift */,
				5C89896B20A24AFE00645A32 /* ColorTableCellView.swift */,
			);
			path = ViewController;
			sourceTree = "<group>";
		};
		5CA4679D20A093710075680E = {
			isa = PBXGroup;
			children = (
				5CA467A820A093710075680E /* LTM-interface */,
				5CA467A720A093710075680E /* Products */,
			);
			sourceTree = "<group>";
		};
		5CA467A720A093710075680E /* Products */ = {
			isa = PBXGroup;
			children = (
				5CA467A620A093710075680E /* LTM-interface.app */,
			);
			name = Products;
			sourceTree = "<group>";
		};
		5CA467A820A093710075680E /* LTM-interface */ = {
			isa = PBXGroup;
			children = (
				5CA467A920A093710075680E /* AppDelegate.swift */,
				5CA467CB20A1B0240075680E /* WindowController.swift */,
				5CA467BC20A09EB90075680E /* Model */,
				5C89896420A1F7B300645A32 /* ViewController */,
				5CA467AD20A093720075680E /* Assets.xcassets */,
				5CA467AF20A093720075680E /* Main.storyboard */,
				5CA467B220A093720075680E /* Info.plist */,
				5CA467B320A093720075680E /* LTM_interface.entitlements */,
			);
			path = "LTM-interface";
			sourceTree = "<group>";
		};
		5CA467BC20A09EB90075680E /* Model */ = {
			isa = PBXGroup;
			children = (
				5CA467C720A19CBF0075680E /* DataSet.swift */,
				5CA467C920A19D230075680E /* Sample.swift */,
				5CA467C320A0A2A20075680E /* MicroExpressionsSet.swift */,
				5CA467C520A19B5D0075680E /* Video.swift */,
				5CA467BF20A09F010075680E /* MicroExpression.swift */,
			);
			path = Model;
			sourceTree = "<group>";
		};
/* End PBXGroup section */

/* Begin PBXNativeTarget section */
		5CA467A520A093710075680E /* LTM-interface */ = {
			isa = PBXNativeTarget;
			buildConfigurationList = 5CA467B620A093720075680E /* Build configuration list for PBXNativeTarget "LTM-interface" */;
			buildPhases = (
				5CA467A220A093710075680E /* Sources */,
				5CA467A320A093710075680E /* Frameworks */,
				5CA467A420A093710075680E /* Resources */,
			);
			buildRules = (
			);
			dependencies = (
			);
			name = "LTM-interface";
			productName = "LTM-interface";
			productReference = 5CA467A620A093710075680E /* LTM-interface.app */;
			productType = "com.apple.product-type.application";
		};
/* End PBXNativeTarget section */

/* Begin PBXProject section */
		5CA4679E20A093710075680E /* Project object */ = {
			isa = PBXProject;
			attributes = {
				LastSwiftUpdateCheck = 0930;
				LastUpgradeCheck = 0930;
				ORGANIZATIONNAME = "Louis Lenief";
				TargetAttributes = {
					5CA467A520A093710075680E = {
						CreatedOnToolsVersion = 9.3;
					};
				};
			};
			buildConfigurationList = 5CA467A120A093710075680E /* Build configuration list for PBXProject "LTM-interface" */;
			compatibilityVersion = "Xcode 9.3";
			developmentRegion = en;
			hasScannedForEncodings = 0;
			knownRegions = (
				en,
				Base,
			);
			mainGroup = 5CA4679D20A093710075680E;
			productRefGroup = 5CA467A720A093710075680E /* Products */;
			projectDirPath = "";
			projectRoot = "";
			targets = (
				5CA467A520A093710075680E /* LTM-interface */,
			);
		};
/* End PBXProject section */

/* Begin PBXResourcesBuildPhase section */
		5CA467A420A093710075680E /* Resources */ = {
			isa = PBXResourcesBuildPhase;
			buildActionMask = 2147483647;
			files = (
				5CA467AE20A093720075680E /* Assets.xcassets in Resources */,
				5CA467B120A093720075680E /* Main.storyboard in Resources */,
			);
			runOnlyForDeploymentPostprocessing = 0;
		};
/* End PBXResourcesBuildPhase section */

/* Begin PBXSourcesBuildPhase section */
		5CA467A220A093710075680E /* Sources */ = {
			isa = PBXSourcesBuildPhase;
			buildActionMask = 2147483647;
			files = (
				5CA467C820A19CBF0075680E /* DataSet.swift in Sources */,
				5CA467AC20A093710075680E /* ViewController.swift in Sources */,
				5C89895F20A1F58800645A32 /* ViewController_TableViewDataSource.swift in Sources */,
				5C89896C20A24AFE00645A32 /* ColorTableCellView.swift in Sources */,
				5CA467C420A0A2A20075680E /* MicroExpressionsSet.swift in Sources */,
				5CA467AA20A093710075680E /* AppDelegate.swift in Sources */,
				5C89896320A1F6EB00645A32 /* ViewController_TableViewDelegate.swift in Sources */,
				5C89896E20A2D75200645A32 /* ViewController_Player.swift in Sources */,
				5CA467C020A09F010075680E /* MicroExpression.swift in Sources */,
				5CA467CC20A1B0240075680E /* WindowController.swift in Sources */,
				5CA467CA20A19D230075680E /* Sample.swift in Sources */,
				5C89896120A1F65B00645A32 /* TableViewTags.swift in Sources */,
				5CA467C620A19B5D0075680E /* Video.swift in Sources */,
				5C89896620A2062700645A32 /* ViewController_ActionHandler.swift in Sources */,
			);
			runOnlyForDeploymentPostprocessing = 0;
		};
/* End PBXSourcesBuildPhase section */

/* Begin PBXVariantGroup section */
		5CA467AF20A093720075680E /* Main.storyboard */ = {
			isa = PBXVariantGroup;
			children = (
				5CA467B020A093720075680E /* Base */,
			);
			name = Main.storyboard;
			sourceTree = "<group>";
		};
/* End PBXVariantGroup section */

/* Begin XCBuildConfiguration section */
		5CA467B420A093720075680E /* Debug */ = {
			isa = XCBuildConfiguration;
			buildSettings = {
				ALWAYS_SEARCH_USER_PATHS = NO;
				CLANG_ANALYZER_NONNULL = YES;
				CLANG_ANALYZER_NUMBER_OBJECT_CONVERSION = YES_AGGRESSIVE;
				CLANG_CXX_LANGUAGE_STANDARD = "gnu++14";
				CLANG_CXX_LIBRARY = "libc++";
				CLANG_ENABLE_MODULES = YES;
				CLANG_ENABLE_OBJC_ARC = YES;
				CLANG_ENABLE_OBJC_WEAK = YES;
				CLANG_WARN_BLOCK_CAPTURE_AUTORELEASING = YES;
				CLANG_WARN_BOOL_CONVERSION = YES;
				CLANG_WARN_COMMA = YES;
				CLANG_WARN_CONSTANT_CONVERSION = YES;
				CLANG_WARN_DEPRECATED_OBJC_IMPLEMENTATIONS = YES;
				CLANG_WARN_DIRECT_OBJC_ISA_USAGE = YES_ERROR;
				CLANG_WARN_DOCUMENTATION_COMMENTS = YES;
				CLANG_WARN_EMPTY_BODY = YES;
				CLANG_WARN_ENUM_CONVERSION = YES;
				CLANG_WARN_INFINITE_RECURSION = YES;
				CLANG_WARN_INT_CONVERSION = YES;
				CLANG_WARN_NON_LITERAL_NULL_CONVERSION = YES;
				CLANG_WARN_OBJC_IMPLICIT_RETAIN_SELF = YES;
				CLANG_WARN_OBJC_LITERAL_CONVERSION = YES;
				CLANG_WARN_OBJC_ROOT_CLASS = YES_ERROR;
				CLANG_WARN_RANGE_LOOP_ANALYSIS = YES;
				CLANG_WARN_STRICT_PROTOTYPES = YES;
				CLANG_WARN_SUSPICIOUS_MOVE = YES;
				CLANG_WARN_UNGUARDED_AVAILABILITY = YES_AGGRESSIVE;
				CLANG_WARN_UNREACHABLE_CODE = YES;
				CLANG_WARN__DUPLICATE_METHOD_MATCH = YES;
				CODE_SIGN_IDENTITY = "Mac Developer";
				COPY_PHASE_STRIP = NO;
				DEBUG_INFORMATION_FORMAT = dwarf;
				ENABLE_STRICT_OBJC_MSGSEND = YES;
				ENABLE_TESTABILITY = YES;
				GCC_C_LANGUAGE_STANDARD = gnu11;
				GCC_DYNAMIC_NO_PIC = NO;
				GCC_NO_COMMON_BLOCKS = YES;
				GCC_OPTIMIZATION_LEVEL = 0;
				GCC_PREPROCESSOR_DEFINITIONS = (
					"DEBUG=1",
					"$(inherited)",
				);
				GCC_WARN_64_TO_32_BIT_CONVERSION = YES;
				GCC_WARN_ABOUT_RETURN_TYPE = YES_ERROR;
				GCC_WARN_UNDECLARED_SELECTOR = YES;
				GCC_WARN_UNINITIALIZED_AUTOS = YES_AGGRESSIVE;
				GCC_WARN_UNUSED_FUNCTION = YES;
				GCC_WARN_UNUSED_VARIABLE = YES;
				MACOSX_DEPLOYMENT_TARGET = 10.13;
				MTL_ENABLE_DEBUG_INFO = YES;
				ONLY_ACTIVE_ARCH = YES;
				SDKROOT = macosx;
				SWIFT_ACTIVE_COMPILATION_CONDITIONS = DEBUG;
				SWIFT_OPTIMIZATION_LEVEL = "-Onone";
			};
			name = Debug;
		};
		5CA467B520A093720075680E /* Release */ = {
			isa = XCBuildConfiguration;
			buildSettings = {
				ALWAYS_SEARCH_USER_PATHS = NO;
				CLANG_ANALYZER_NONNULL = YES;
				CLANG_ANALYZER_NUMBER_OBJECT_CONVERSION = YES_AGGRESSIVE;
				CLANG_CXX_LANGUAGE_STANDARD = "gnu++14";
				CLANG_CXX_LIBRARY = "libc++";
				CLANG_ENABLE_MODULES = YES;
				CLANG_ENABLE_OBJC_ARC = YES;
				CLANG_ENABLE_OBJC_WEAK = YES;
				CLANG_WARN_BLOCK_CAPTURE_AUTORELEASING = YES;
				CLANG_WARN_BOOL_CONVERSION = YES;
				CLANG_WARN_COMMA = YES;
				CLANG_WARN_CONSTANT_CONVERSION = YES;
				CLANG_WARN_DEPRECATED_OBJC_IMPLEMENTATIONS = YES;
				CLANG_WARN_DIRECT_OBJC_ISA_USAGE = YES_ERROR;
				CLANG_WARN_DOCUMENTATION_COMMENTS = YES;
				CLANG_WARN_EMPTY_BODY = YES;
				CLANG_WARN_ENUM_CONVERSION = YES;
				CLANG_WARN_INFINITE_RECURSION = YES;
				CLANG_WARN_INT_CONVERSION = YES;
				CLANG_WARN_NON_LITERAL_NULL_CONVERSION = YES;
				CLANG_WARN_OBJC_IMPLICIT_RETAIN_SELF = YES;
				CLANG_WARN_OBJC_LITERAL_CONVERSION = YES;
				CLANG_WARN_OBJC_ROOT_CLASS = YES_ERROR;
				CLANG_WARN_RANGE_LOOP_ANALYSIS = YES;
				CLANG_WARN_STRICT_PROTOTYPES = YES;
				CLANG_WARN_SUSPICIOUS_MOVE = YES;
				CLANG_WARN_UNGUARDED_AVAILABILITY = YES_AGGRESSIVE;
				CLANG_WARN_UNREACHABLE_CODE = YES;
				CLANG_WARN__DUPLICATE_METHOD_MATCH = YES;
				CODE_SIGN_IDENTITY = "Mac Developer";
				COPY_PHASE_STRIP = NO;
				DEBUG_INFORMATION_FORMAT = "dwarf-with-dsym";
				ENABLE_NS_ASSERTIONS = NO;
				ENABLE_STRICT_OBJC_MSGSEND = YES;
				GCC_C_LANGUAGE_STANDARD = gnu11;
				GCC_NO_COMMON_BLOCKS = YES;
				GCC_WARN_64_TO_32_BIT_CONVERSION = YES;
				GCC_WARN_ABOUT_RETURN_TYPE = YES_ERROR;
				GCC_WARN_UNDECLARED_SELECTOR = YES;
				GCC_WARN_UNINITIALIZED_AUTOS = YES_AGGRESSIVE;
				GCC_WARN_UNUSED_FUNCTION = YES;
				GCC_WARN_UNUSED_VARIABLE = YES;
				MACOSX_DEPLOYMENT_TARGET = 10.13;
				MTL_ENABLE_DEBUG_INFO = NO;
				SDKROOT = macosx;
				SWIFT_COMPILATION_MODE = wholemodule;
				SWIFT_OPTIMIZATION_LEVEL = "-O";
			};
			name = Release;
		};
		5CA467B720A093720075680E /* Debug */ = {
			isa = XCBuildConfiguration;
			buildSettings = {
				ASSETCATALOG_COMPILER_APPICON_NAME = AppIcon;
				CODE_SIGN_ENTITLEMENTS = "LTM-interface/LTM_interface.entitlements";
				CODE_SIGN_STYLE = Automatic;
				COMBINE_HIDPI_IMAGES = YES;
				DEVELOPMENT_TEAM = 4QNS69LYE8;
				INFOPLIST_FILE = "LTM-interface/Info.plist";
				LD_RUNPATH_SEARCH_PATHS = (
					"$(inherited)",
					"@executable_path/../Frameworks",
				);
				PRODUCT_BUNDLE_IDENTIFIER = "lenief.louis.LTM-interface";
				PRODUCT_NAME = "$(TARGET_NAME)";
				SWIFT_VERSION = 4.0;
			};
			name = Debug;
		};
		5CA467B820A093720075680E /* Release */ = {
			isa = XCBuildConfiguration;
			buildSettings = {
				ASSETCATALOG_COMPILER_APPICON_NAME = AppIcon;
				CODE_SIGN_ENTITLEMENTS = "LTM-interface/LTM_interface.entitlements";
				CODE_SIGN_STYLE = Automatic;
				COMBINE_HIDPI_IMAGES = YES;
				DEVELOPMENT_TEAM = 4QNS69LYE8;
				INFOPLIST_FILE = "LTM-interface/Info.plist";
				LD_RUNPATH_SEARCH_PATHS = (
					"$(inherited)",
					"@executable_path/../Frameworks",
				);
				PRODUCT_BUNDLE_IDENTIFIER = "lenief.louis.LTM-interface";
				PRODUCT_NAME = "$(TARGET_NAME)";
				SWIFT_VERSION = 4.0;
			};
			name = Release;
		};
/* End XCBuildConfiguration section */

/* Begin XCConfigurationList section */
		5CA467A120A093710075680E /* Build configuration list for PBXProject "LTM-interface" */ = {
			isa = XCConfigurationList;
			buildConfigurations = (
				5CA467B420A093720075680E /* Debug */,
				5CA467B520A093720075680E /* Release */,
			);
			defaultConfigurationIsVisible = 0;
			defaultConfigurationName = Release;
		};
		5CA467B620A093720075680E /* Build configuration list for PBXNativeTarget "LTM-interface" */ = {
			isa = XCConfigurationList;
			buildConfigurations = (
				5CA467B720A093720075680E /* Debug */,
				5CA467B820A093720075680E /* Release */,
			);
			defaultConfigurationIsVisible = 0;
			defaultConfigurationName = Release;
		};
/* End XCConfigurationList section */
	};
	rootObject = 5CA4679E20A093710075680E /* Project object */;
}
